// !$*UTF8*$!
{
	archiveVersion = 1;
	classes = {
	};
	objectVersion = 56;
	objects = {

/* Begin PBXBuildFile section */
		E6397D8D2A889BF600303F2B /* HomeLoadingScreenView.swift in Sources */ = {isa = PBXBuildFile; fileRef = E6397D8C2A889BF600303F2B /* HomeLoadingScreenView.swift */; };
		E6397D8F2A88A4FB00303F2B /* HomeListView.swift in Sources */ = {isa = PBXBuildFile; fileRef = E6397D8E2A88A4FB00303F2B /* HomeListView.swift */; };
		E6397D942A88B74000303F2B /* DetailHeaderView.swift in Sources */ = {isa = PBXBuildFile; fileRef = E6397D932A88B74000303F2B /* DetailHeaderView.swift */; };
		E6397D962A88B74D00303F2B /* DetailInformationView.swift in Sources */ = {isa = PBXBuildFile; fileRef = E6397D952A88B74D00303F2B /* DetailInformationView.swift */; };
		E6397D9A2A88BB8000303F2B /* DetailViewModelTests.swift in Sources */ = {isa = PBXBuildFile; fileRef = E6397D992A88BB8000303F2B /* DetailViewModelTests.swift */; };
		E645DD372A8AB00D00E9D634 /* ExtraInfo.swift in Sources */ = {isa = PBXBuildFile; fileRef = E645DD362A8AB00D00E9D634 /* ExtraInfo.swift */; };
		E645DD392A8ABC6E00E9D634 /* DatabaseService.swift in Sources */ = {isa = PBXBuildFile; fileRef = E645DD382A8ABC6E00E9D634 /* DatabaseService.swift */; };
		E645DD3B2A8B010A00E9D634 /* MockDatabaseService.swift in Sources */ = {isa = PBXBuildFile; fileRef = E645DD3A2A8B010A00E9D634 /* MockDatabaseService.swift */; };
		E645DD3D2A8B03D300E9D634 /* MockedInformation.swift in Sources */ = {isa = PBXBuildFile; fileRef = E645DD3C2A8B03D300E9D634 /* MockedInformation.swift */; };
		E645DD512A8B535F00E9D634 /* CoreData+Extension.swift in Sources */ = {isa = PBXBuildFile; fileRef = E645DD502A8B535F00E9D634 /* CoreData+Extension.swift */; };
		E6813E022A7D4FEA00827346 /* HomeViewModelTests.swift in Sources */ = {isa = PBXBuildFile; fileRef = E6813E012A7D4FEA00827346 /* HomeViewModelTests.swift */; };
		E6813E052A7D50A400827346 /* MockedCharacterService.swift in Sources */ = {isa = PBXBuildFile; fileRef = E6813E042A7D50A400827346 /* MockedCharacterService.swift */; };
		E68EC94D2A8B587900D1497C /* RickAndMortyContainer.xcdatamodeld in Sources */ = {isa = PBXBuildFile; fileRef = E6BF9E562A8A6550009A0E00 /* RickAndMortyContainer.xcdatamodeld */; };
		E6A62B822A85466800B7D694 /* Episode.swift in Sources */ = {isa = PBXBuildFile; fileRef = E6A62B812A85466800B7D694 /* Episode.swift */; };
		E6A62B842A8546F100B7D694 /* DetailViewModel.swift in Sources */ = {isa = PBXBuildFile; fileRef = E6A62B832A8546F100B7D694 /* DetailViewModel.swift */; };
		E6B363352A76124200143B4B /* RickAndMortyApp.swift in Sources */ = {isa = PBXBuildFile; fileRef = E6B363342A76124200143B4B /* RickAndMortyApp.swift */; };
		E6B363372A76124200143B4B /* HomeView.swift in Sources */ = {isa = PBXBuildFile; fileRef = E6B363362A76124200143B4B /* HomeView.swift */; };
		E6B363392A76124300143B4B /* Assets.xcassets in Resources */ = {isa = PBXBuildFile; fileRef = E6B363382A76124300143B4B /* Assets.xcassets */; };
		E6B3633C2A76124300143B4B /* Preview Assets.xcassets in Resources */ = {isa = PBXBuildFile; fileRef = E6B3633B2A76124300143B4B /* Preview Assets.xcassets */; };
		E6B363622A7615D700143B4B /* Character.swift in Sources */ = {isa = PBXBuildFile; fileRef = E6B363612A7615D700143B4B /* Character.swift */; };
		E6B363642A76165600143B4B /* HomeViewModel.swift in Sources */ = {isa = PBXBuildFile; fileRef = E6B363632A76165600143B4B /* HomeViewModel.swift */; };
		E6B363672A7618EC00143B4B /* NetworkService.swift in Sources */ = {isa = PBXBuildFile; fileRef = E6B363662A7618EC00143B4B /* NetworkService.swift */; };
		E6B3636B2A76199400143B4B /* URLSessionHttpClient.swift in Sources */ = {isa = PBXBuildFile; fileRef = E6B3636A2A76199400143B4B /* URLSessionHttpClient.swift */; };
		E6B3636D2A7624C700143B4B /* Endpoints.swift in Sources */ = {isa = PBXBuildFile; fileRef = E6B3636C2A7624C700143B4B /* Endpoints.swift */; };
		E6B3636F2A7629A800143B4B /* Logger.swift in Sources */ = {isa = PBXBuildFile; fileRef = E6B3636E2A7629A800143B4B /* Logger.swift */; };
		E6B363712A77454000143B4B /* ApiResponse.swift in Sources */ = {isa = PBXBuildFile; fileRef = E6B363702A77454000143B4B /* ApiResponse.swift */; };
		E6B363732A7745A500143B4B /* Info.swift in Sources */ = {isa = PBXBuildFile; fileRef = E6B363722A7745A500143B4B /* Info.swift */; };
		E6B363762A7756BB00143B4B /* MockCharacterService.swift in Sources */ = {isa = PBXBuildFile; fileRef = E6B363752A7756BB00143B4B /* MockCharacterService.swift */; };
		E6B673EC2A84351700EBBBC8 /* AmaticSC-Regular.ttf in Resources */ = {isa = PBXBuildFile; fileRef = E6B673EA2A84351700EBBBC8 /* AmaticSC-Regular.ttf */; };
		E6B673ED2A84351700EBBBC8 /* AmaticSC-Bold.ttf in Resources */ = {isa = PBXBuildFile; fileRef = E6B673EB2A84351700EBBBC8 /* AmaticSC-Bold.ttf */; };
		E6B673F02A8435CE00EBBBC8 /* Font+Extension.swift in Sources */ = {isa = PBXBuildFile; fileRef = E6B673EF2A8435CE00EBBBC8 /* Font+Extension.swift */; };
		E6BF9E512A8965DB009A0E00 /* DatabaseClient.swift in Sources */ = {isa = PBXBuildFile; fileRef = E6BF9E502A8965DB009A0E00 /* DatabaseClient.swift */; };
		E6BF9E532A8A4EC2009A0E00 /* CoreDataClient.swift in Sources */ = {isa = PBXBuildFile; fileRef = E6BF9E522A8A4EC2009A0E00 /* CoreDataClient.swift */; };
		E6BF9E552A8A5B23009A0E00 /* RealmClient.swift in Sources */ = {isa = PBXBuildFile; fileRef = E6BF9E542A8A5B23009A0E00 /* RealmClient.swift */; };
		E6D5B6652A7A13E500FCE31B /* CharacterWithImage.swift in Sources */ = {isa = PBXBuildFile; fileRef = E6D5B6642A7A13E500FCE31B /* CharacterWithImage.swift */; };
		E6D5B6682A7A207800FCE31B /* Image+Extension.swift in Sources */ = {isa = PBXBuildFile; fileRef = E6D5B6672A7A207800FCE31B /* Image+Extension.swift */; };
		E6ED30262A80B52500F31291 /* Localizable.strings in Resources */ = {isa = PBXBuildFile; fileRef = E6ED30282A80B52500F31291 /* Localizable.strings */; };
		E6ED302E2A80BE6400F31291 /* DetailView.swift in Sources */ = {isa = PBXBuildFile; fileRef = E6ED302D2A80BE6400F31291 /* DetailView.swift */; };
/* End PBXBuildFile section */

/* Begin PBXContainerItemProxy section */
		E6B363422A76124300143B4B /* PBXContainerItemProxy */ = {
			isa = PBXContainerItemProxy;
			containerPortal = E6B363292A76124200143B4B /* Project object */;
			proxyType = 1;
			remoteGlobalIDString = E6B363302A76124200143B4B;
			remoteInfo = RickAndMorty;
		};
/* End PBXContainerItemProxy section */

/* Begin PBXFileReference section */
		E6397D8C2A889BF600303F2B /* HomeLoadingScreenView.swift */ = {isa = PBXFileReference; lastKnownFileType = sourcecode.swift; path = HomeLoadingScreenView.swift; sourceTree = "<group>"; };
		E6397D8E2A88A4FB00303F2B /* HomeListView.swift */ = {isa = PBXFileReference; lastKnownFileType = sourcecode.swift; path = HomeListView.swift; sourceTree = "<group>"; };
		E6397D932A88B74000303F2B /* DetailHeaderView.swift */ = {isa = PBXFileReference; lastKnownFileType = sourcecode.swift; path = DetailHeaderView.swift; sourceTree = "<group>"; };
		E6397D952A88B74D00303F2B /* DetailInformationView.swift */ = {isa = PBXFileReference; lastKnownFileType = sourcecode.swift; path = DetailInformationView.swift; sourceTree = "<group>"; };
		E6397D992A88BB8000303F2B /* DetailViewModelTests.swift */ = {isa = PBXFileReference; lastKnownFileType = sourcecode.swift; path = DetailViewModelTests.swift; sourceTree = "<group>"; };
		E645DD362A8AB00D00E9D634 /* ExtraInfo.swift */ = {isa = PBXFileReference; lastKnownFileType = sourcecode.swift; path = ExtraInfo.swift; sourceTree = "<group>"; };
		E645DD382A8ABC6E00E9D634 /* DatabaseService.swift */ = {isa = PBXFileReference; lastKnownFileType = sourcecode.swift; path = DatabaseService.swift; sourceTree = "<group>"; };
		E645DD3A2A8B010A00E9D634 /* MockDatabaseService.swift */ = {isa = PBXFileReference; lastKnownFileType = sourcecode.swift; path = MockDatabaseService.swift; sourceTree = "<group>"; };
		E645DD3C2A8B03D300E9D634 /* MockedInformation.swift */ = {isa = PBXFileReference; lastKnownFileType = sourcecode.swift; path = MockedInformation.swift; sourceTree = "<group>"; };
		E645DD502A8B535F00E9D634 /* CoreData+Extension.swift */ = {isa = PBXFileReference; lastKnownFileType = sourcecode.swift; path = "CoreData+Extension.swift"; sourceTree = "<group>"; };
		E6813E012A7D4FEA00827346 /* HomeViewModelTests.swift */ = {isa = PBXFileReference; lastKnownFileType = sourcecode.swift; path = HomeViewModelTests.swift; sourceTree = "<group>"; };
		E6813E042A7D50A400827346 /* MockedCharacterService.swift */ = {isa = PBXFileReference; lastKnownFileType = sourcecode.swift; path = MockedCharacterService.swift; sourceTree = "<group>"; };
		E6A62B812A85466800B7D694 /* Episode.swift */ = {isa = PBXFileReference; lastKnownFileType = sourcecode.swift; path = Episode.swift; sourceTree = "<group>"; };
		E6A62B832A8546F100B7D694 /* DetailViewModel.swift */ = {isa = PBXFileReference; lastKnownFileType = sourcecode.swift; path = DetailViewModel.swift; sourceTree = "<group>"; };
		E6B363312A76124200143B4B /* RickAndMorty.app */ = {isa = PBXFileReference; explicitFileType = wrapper.application; includeInIndex = 0; path = RickAndMorty.app; sourceTree = BUILT_PRODUCTS_DIR; };
		E6B363342A76124200143B4B /* RickAndMortyApp.swift */ = {isa = PBXFileReference; lastKnownFileType = sourcecode.swift; path = RickAndMortyApp.swift; sourceTree = "<group>"; };
		E6B363362A76124200143B4B /* HomeView.swift */ = {isa = PBXFileReference; lastKnownFileType = sourcecode.swift; path = HomeView.swift; sourceTree = "<group>"; };
		E6B363382A76124300143B4B /* Assets.xcassets */ = {isa = PBXFileReference; lastKnownFileType = folder.assetcatalog; path = Assets.xcassets; sourceTree = "<group>"; };
		E6B3633B2A76124300143B4B /* Preview Assets.xcassets */ = {isa = PBXFileReference; lastKnownFileType = folder.assetcatalog; path = "Preview Assets.xcassets"; sourceTree = "<group>"; };
		E6B363412A76124300143B4B /* RickAndMortyTests.xctest */ = {isa = PBXFileReference; explicitFileType = wrapper.cfbundle; includeInIndex = 0; path = RickAndMortyTests.xctest; sourceTree = BUILT_PRODUCTS_DIR; };
		E6B363612A7615D700143B4B /* Character.swift */ = {isa = PBXFileReference; lastKnownFileType = sourcecode.swift; path = Character.swift; sourceTree = "<group>"; };
		E6B363632A76165600143B4B /* HomeViewModel.swift */ = {isa = PBXFileReference; lastKnownFileType = sourcecode.swift; path = HomeViewModel.swift; sourceTree = "<group>"; };
		E6B363662A7618EC00143B4B /* NetworkService.swift */ = {isa = PBXFileReference; lastKnownFileType = sourcecode.swift; path = NetworkService.swift; sourceTree = "<group>"; };
		E6B3636A2A76199400143B4B /* URLSessionHttpClient.swift */ = {isa = PBXFileReference; lastKnownFileType = sourcecode.swift; path = URLSessionHttpClient.swift; sourceTree = "<group>"; };
		E6B3636C2A7624C700143B4B /* Endpoints.swift */ = {isa = PBXFileReference; lastKnownFileType = sourcecode.swift; path = Endpoints.swift; sourceTree = "<group>"; };
		E6B3636E2A7629A800143B4B /* Logger.swift */ = {isa = PBXFileReference; lastKnownFileType = sourcecode.swift; path = Logger.swift; sourceTree = "<group>"; };
		E6B363702A77454000143B4B /* ApiResponse.swift */ = {isa = PBXFileReference; lastKnownFileType = sourcecode.swift; path = ApiResponse.swift; sourceTree = "<group>"; };
		E6B363722A7745A500143B4B /* Info.swift */ = {isa = PBXFileReference; lastKnownFileType = sourcecode.swift; path = Info.swift; sourceTree = "<group>"; };
		E6B363752A7756BB00143B4B /* MockCharacterService.swift */ = {isa = PBXFileReference; lastKnownFileType = sourcecode.swift; path = MockCharacterService.swift; sourceTree = "<group>"; };
		E6B673EA2A84351700EBBBC8 /* AmaticSC-Regular.ttf */ = {isa = PBXFileReference; lastKnownFileType = file; path = "AmaticSC-Regular.ttf"; sourceTree = "<group>"; };
		E6B673EB2A84351700EBBBC8 /* AmaticSC-Bold.ttf */ = {isa = PBXFileReference; lastKnownFileType = file; path = "AmaticSC-Bold.ttf"; sourceTree = "<group>"; };
		E6B673EE2A84357A00EBBBC8 /* Info.plist */ = {isa = PBXFileReference; lastKnownFileType = text.plist.xml; path = Info.plist; sourceTree = "<group>"; };
		E6B673EF2A8435CE00EBBBC8 /* Font+Extension.swift */ = {isa = PBXFileReference; lastKnownFileType = sourcecode.swift; path = "Font+Extension.swift"; sourceTree = "<group>"; };
		E6BF9E502A8965DB009A0E00 /* DatabaseClient.swift */ = {isa = PBXFileReference; lastKnownFileType = sourcecode.swift; path = DatabaseClient.swift; sourceTree = "<group>"; };
		E6BF9E522A8A4EC2009A0E00 /* CoreDataClient.swift */ = {isa = PBXFileReference; lastKnownFileType = sourcecode.swift; path = CoreDataClient.swift; sourceTree = "<group>"; };
		E6BF9E542A8A5B23009A0E00 /* RealmClient.swift */ = {isa = PBXFileReference; lastKnownFileType = sourcecode.swift; path = RealmClient.swift; sourceTree = "<group>"; };
		E6BF9E572A8A6550009A0E00 /* RickAndMortyContainer.xcdatamodel */ = {isa = PBXFileReference; lastKnownFileType = wrapper.xcdatamodel; path = RickAndMortyContainer.xcdatamodel; sourceTree = "<group>"; };
		E6CC652A2A80A6D6003CCA8D /* RickAndMorty.xctestplan */ = {isa = PBXFileReference; lastKnownFileType = text; path = RickAndMorty.xctestplan; sourceTree = "<group>"; };
		E6D5B6642A7A13E500FCE31B /* CharacterWithImage.swift */ = {isa = PBXFileReference; lastKnownFileType = sourcecode.swift; path = CharacterWithImage.swift; sourceTree = "<group>"; };
		E6D5B6672A7A207800FCE31B /* Image+Extension.swift */ = {isa = PBXFileReference; lastKnownFileType = sourcecode.swift; path = "Image+Extension.swift"; sourceTree = "<group>"; };
		E6ED30272A80B52500F31291 /* en */ = {isa = PBXFileReference; lastKnownFileType = text.plist.strings; name = en; path = en.lproj/Localizable.strings; sourceTree = "<group>"; };
		E6ED30292A80B6D900F31291 /* es-419 */ = {isa = PBXFileReference; lastKnownFileType = text.plist.strings; name = "es-419"; path = "es-419.lproj/Localizable.strings"; sourceTree = "<group>"; };
		E6ED302D2A80BE6400F31291 /* DetailView.swift */ = {isa = PBXFileReference; lastKnownFileType = sourcecode.swift; path = DetailView.swift; sourceTree = "<group>"; };
/* End PBXFileReference section */

/* Begin PBXFrameworksBuildPhase section */
		E6B3632E2A76124200143B4B /* Frameworks */ = {
			isa = PBXFrameworksBuildPhase;
			buildActionMask = 2147483647;
			files = (
			);
			runOnlyForDeploymentPostprocessing = 0;
		};
		E6B3633E2A76124300143B4B /* Frameworks */ = {
			isa = PBXFrameworksBuildPhase;
			buildActionMask = 2147483647;
			files = (
			);
			runOnlyForDeploymentPostprocessing = 0;
		};
/* End PBXFrameworksBuildPhase section */

/* Begin PBXGroup section */
		E6397D8B2A889BE400303F2B /* Home */ = {
			isa = PBXGroup;
			children = (
				E6B363362A76124200143B4B /* HomeView.swift */,
				E6397D8C2A889BF600303F2B /* HomeLoadingScreenView.swift */,
				E6397D8E2A88A4FB00303F2B /* HomeListView.swift */,
			);
			path = Home;
			sourceTree = "<group>";
		};
		E6397D922A88B71600303F2B /* Detail */ = {
			isa = PBXGroup;
			children = (
				E6ED302D2A80BE6400F31291 /* DetailView.swift */,
				E6397D932A88B74000303F2B /* DetailHeaderView.swift */,
				E6397D952A88B74D00303F2B /* DetailInformationView.swift */,
			);
			path = Detail;
			sourceTree = "<group>";
		};
		E645DD3E2A8B511400E9D634 /* Database */ = {
			isa = PBXGroup;
			children = (
			);
			path = Database;
			sourceTree = "<group>";
		};
		E6813E032A7D508E00827346 /* Mocks */ = {
			isa = PBXGroup;
			children = (
				E6813E042A7D50A400827346 /* MockedCharacterService.swift */,
			);
			path = Mocks;
			sourceTree = "<group>";
		};
		E6B363282A76124200143B4B = {
			isa = PBXGroup;
			children = (
				E6B363332A76124200143B4B /* RickAndMorty */,
				E6BF9E562A8A6550009A0E00 /* RickAndMortyContainer.xcdatamodeld */,
				E6B363442A76124300143B4B /* RickAndMortyTests */,
				E6B363322A76124200143B4B /* Products */,
			);
			sourceTree = "<group>";
		};
		E6B363322A76124200143B4B /* Products */ = {
			isa = PBXGroup;
			children = (
				E6B363312A76124200143B4B /* RickAndMorty.app */,
				E6B363412A76124300143B4B /* RickAndMortyTests.xctest */,
			);
			name = Products;
			sourceTree = "<group>";
		};
		E6B363332A76124200143B4B /* RickAndMorty */ = {
			isa = PBXGroup;
			children = (
				E6B673EE2A84357A00EBBBC8 /* Info.plist */,
				E6B363692A76197E00143B4B /* Clients */,
				E645DD3E2A8B511400E9D634 /* Database */,
				E6B673E92A8434F900EBBBC8 /* Fonts */,
				E6D5B6662A7A205C00FCE31B /* Helpers */,
				E6B363742A77569F00143B4B /* Mocks */,
				E6B3635E2A76125600143B4B /* Models */,
				E6B363652A7617C700143B4B /* Services */,
				E6B363602A76127000143B4B /* ViewModels */,
				E6B3635F2A76126500143B4B /* Views */,
				E6B363342A76124200143B4B /* RickAndMortyApp.swift */,
				E6B363382A76124300143B4B /* Assets.xcassets */,
				E6B3633A2A76124300143B4B /* Preview Content */,
				E6ED30282A80B52500F31291 /* Localizable.strings */,
			);
			path = RickAndMorty;
			sourceTree = "<group>";
		};
		E6B3633A2A76124300143B4B /* Preview Content */ = {
			isa = PBXGroup;
			children = (
				E6B3633B2A76124300143B4B /* Preview Assets.xcassets */,
			);
			path = "Preview Content";
			sourceTree = "<group>";
		};
		E6B363442A76124300143B4B /* RickAndMortyTests */ = {
			isa = PBXGroup;
			children = (
				E6CC652A2A80A6D6003CCA8D /* RickAndMorty.xctestplan */,
				E6813E032A7D508E00827346 /* Mocks */,
				E6813E012A7D4FEA00827346 /* HomeViewModelTests.swift */,
				E6397D992A88BB8000303F2B /* DetailViewModelTests.swift */,
			);
			path = RickAndMortyTests;
			sourceTree = "<group>";
		};
		E6B3635E2A76125600143B4B /* Models */ = {
			isa = PBXGroup;
			children = (
				E6B363612A7615D700143B4B /* Character.swift */,
				E6B363702A77454000143B4B /* ApiResponse.swift */,
				E6B363722A7745A500143B4B /* Info.swift */,
				E6D5B6642A7A13E500FCE31B /* CharacterWithImage.swift */,
				E6A62B812A85466800B7D694 /* Episode.swift */,
				E645DD362A8AB00D00E9D634 /* ExtraInfo.swift */,
			);
			path = Models;
			sourceTree = "<group>";
		};
		E6B3635F2A76126500143B4B /* Views */ = {
			isa = PBXGroup;
			children = (
				E6397D922A88B71600303F2B /* Detail */,
				E6397D8B2A889BE400303F2B /* Home */,
			);
			path = Views;
			sourceTree = "<group>";
		};
		E6B363602A76127000143B4B /* ViewModels */ = {
			isa = PBXGroup;
			children = (
				E6B363632A76165600143B4B /* HomeViewModel.swift */,
				E6A62B832A8546F100B7D694 /* DetailViewModel.swift */,
			);
			path = ViewModels;
			sourceTree = "<group>";
		};
		E6B363652A7617C700143B4B /* Services */ = {
			isa = PBXGroup;
			children = (
				E6B363662A7618EC00143B4B /* NetworkService.swift */,
				E6B3636C2A7624C700143B4B /* Endpoints.swift */,
				E645DD382A8ABC6E00E9D634 /* DatabaseService.swift */,
			);
			path = Services;
			sourceTree = "<group>";
		};
		E6B363692A76197E00143B4B /* Clients */ = {
			isa = PBXGroup;
			children = (
				E6B3636A2A76199400143B4B /* URLSessionHttpClient.swift */,
				E6B3636E2A7629A800143B4B /* Logger.swift */,
				E6BF9E502A8965DB009A0E00 /* DatabaseClient.swift */,
				E6BF9E522A8A4EC2009A0E00 /* CoreDataClient.swift */,
				E6BF9E542A8A5B23009A0E00 /* RealmClient.swift */,
			);
			path = Clients;
			sourceTree = "<group>";
		};
		E6B363742A77569F00143B4B /* Mocks */ = {
			isa = PBXGroup;
			children = (
				E6B363752A7756BB00143B4B /* MockCharacterService.swift */,
				E645DD3A2A8B010A00E9D634 /* MockDatabaseService.swift */,
				E645DD3C2A8B03D300E9D634 /* MockedInformation.swift */,
			);
			path = Mocks;
			sourceTree = "<group>";
		};
		E6B673E92A8434F900EBBBC8 /* Fonts */ = {
			isa = PBXGroup;
			children = (
				E6B673EB2A84351700EBBBC8 /* AmaticSC-Bold.ttf */,
				E6B673EA2A84351700EBBBC8 /* AmaticSC-Regular.ttf */,
			);
			path = Fonts;
			sourceTree = "<group>";
		};
		E6D5B6662A7A205C00FCE31B /* Helpers */ = {
			isa = PBXGroup;
			children = (
				E6D5B6672A7A207800FCE31B /* Image+Extension.swift */,
				E6B673EF2A8435CE00EBBBC8 /* Font+Extension.swift */,
				E645DD502A8B535F00E9D634 /* CoreData+Extension.swift */,
			);
			path = Helpers;
			sourceTree = "<group>";
		};
/* End PBXGroup section */

/* Begin PBXNativeTarget section */
		E6B363302A76124200143B4B /* RickAndMorty */ = {
			isa = PBXNativeTarget;
			buildConfigurationList = E6B363552A76124300143B4B /* Build configuration list for PBXNativeTarget "RickAndMorty" */;
			buildPhases = (
				E6ED302A2A80B85300F31291 /* SwiftLint */,
				E6B3632D2A76124200143B4B /* Sources */,
				E6B3632E2A76124200143B4B /* Frameworks */,
				E6B3632F2A76124200143B4B /* Resources */,
			);
			buildRules = (
			);
			dependencies = (
			);
			name = RickAndMorty;
			productName = RickAndMorty;
			productReference = E6B363312A76124200143B4B /* RickAndMorty.app */;
			productType = "com.apple.product-type.application";
		};
		E6B363402A76124300143B4B /* RickAndMortyTests */ = {
			isa = PBXNativeTarget;
			buildConfigurationList = E6B363582A76124300143B4B /* Build configuration list for PBXNativeTarget "RickAndMortyTests" */;
			buildPhases = (
				E6CC652D2A80A934003CCA8D /* SwiftLint */,
				E6B3633D2A76124300143B4B /* Sources */,
				E6B3633E2A76124300143B4B /* Frameworks */,
				E6B3633F2A76124300143B4B /* Resources */,
			);
			buildRules = (
			);
			dependencies = (
				E6B363432A76124300143B4B /* PBXTargetDependency */,
			);
			name = RickAndMortyTests;
			productName = RickAndMortyTests;
			productReference = E6B363412A76124300143B4B /* RickAndMortyTests.xctest */;
			productType = "com.apple.product-type.bundle.unit-test";
		};
/* End PBXNativeTarget section */

/* Begin PBXProject section */
		E6B363292A76124200143B4B /* Project object */ = {
			isa = PBXProject;
			attributes = {
				BuildIndependentTargetsInParallel = 1;
				LastSwiftUpdateCheck = 1430;
				LastUpgradeCheck = 1430;
				TargetAttributes = {
					E6B363302A76124200143B4B = {
						CreatedOnToolsVersion = 14.3.1;
					};
					E6B363402A76124300143B4B = {
						CreatedOnToolsVersion = 14.3.1;
						TestTargetID = E6B363302A76124200143B4B;
					};
				};
			};
			buildConfigurationList = E6B3632C2A76124200143B4B /* Build configuration list for PBXProject "RickAndMorty" */;
			compatibilityVersion = "Xcode 14.0";
			developmentRegion = en;
			hasScannedForEncodings = 0;
			knownRegions = (
				en,
				Base,
				"es-419",
			);
			mainGroup = E6B363282A76124200143B4B;
			productRefGroup = E6B363322A76124200143B4B /* Products */;
			projectDirPath = "";
			projectRoot = "";
			targets = (
				E6B363302A76124200143B4B /* RickAndMorty */,
				E6B363402A76124300143B4B /* RickAndMortyTests */,
			);
		};
/* End PBXProject section */

/* Begin PBXResourcesBuildPhase section */
		E6B3632F2A76124200143B4B /* Resources */ = {
			isa = PBXResourcesBuildPhase;
			buildActionMask = 2147483647;
			files = (
				E6B673EC2A84351700EBBBC8 /* AmaticSC-Regular.ttf in Resources */,
				E6B673ED2A84351700EBBBC8 /* AmaticSC-Bold.ttf in Resources */,
				E6B3633C2A76124300143B4B /* Preview Assets.xcassets in Resources */,
				E6ED30262A80B52500F31291 /* Localizable.strings in Resources */,
				E6B363392A76124300143B4B /* Assets.xcassets in Resources */,
			);
			runOnlyForDeploymentPostprocessing = 0;
		};
		E6B3633F2A76124300143B4B /* Resources */ = {
			isa = PBXResourcesBuildPhase;
			buildActionMask = 2147483647;
			files = (
			);
			runOnlyForDeploymentPostprocessing = 0;
		};
/* End PBXResourcesBuildPhase section */

/* Begin PBXShellScriptBuildPhase section */
		E6CC652D2A80A934003CCA8D /* SwiftLint */ = {
			isa = PBXShellScriptBuildPhase;
			buildActionMask = 2147483647;
			files = (
			);
			inputFileListPaths = (
			);
			inputPaths = (
			);
			name = SwiftLint;
			outputFileListPaths = (
			);
			outputPaths = (
			);
			runOnlyForDeploymentPostprocessing = 0;
			shellPath = /bin/sh;
			shellScript = "if [[ \"$(uname -m)\" == arm64 ]]; then\n    export PATH=\"/opt/homebrew/bin:$PATH\"\nfi\n\nif which swiftlint > /dev/null; then\n  swiftlint\nelse\n      echo \"warning: SwiftLint is not installed, please run brew install swiftlint and try to build the project again\"\nfi\n";
		};
		E6ED302A2A80B85300F31291 /* SwiftLint */ = {
			isa = PBXShellScriptBuildPhase;
			alwaysOutOfDate = 1;
			buildActionMask = 2147483647;
			files = (
			);
			inputFileListPaths = (
			);
			inputPaths = (
			);
			name = SwiftLint;
			outputFileListPaths = (
			);
			outputPaths = (
			);
			runOnlyForDeploymentPostprocessing = 0;
			shellPath = /bin/sh;
			shellScript = "if [[ \"$(uname -m)\" == arm64 ]]; then\n    export PATH=\"/opt/homebrew/bin:$PATH\"\nfi\n\nif which swiftlint > /dev/null; then\n  swiftlint --fix --no-cache\nelse\n  echo \"warning: SwiftLint not installed, download from https://github.com/realm/SwiftLint\"\nfi\n";
		};
/* End PBXShellScriptBuildPhase section */

/* Begin PBXSourcesBuildPhase section */
		E6B3632D2A76124200143B4B /* Sources */ = {
			isa = PBXSourcesBuildPhase;
			buildActionMask = 2147483647;
			files = (
				E68EC94D2A8B587900D1497C /* RickAndMortyContainer.xcdatamodeld in Sources */,
				E6A62B842A8546F100B7D694 /* DetailViewModel.swift in Sources */,
				E6BF9E512A8965DB009A0E00 /* DatabaseClient.swift in Sources */,
				E6B363672A7618EC00143B4B /* NetworkService.swift in Sources */,
				E6B363622A7615D700143B4B /* Character.swift in Sources */,
				E6B363372A76124200143B4B /* HomeView.swift in Sources */,
				E6397D942A88B74000303F2B /* DetailHeaderView.swift in Sources */,
				E6ED302E2A80BE6400F31291 /* DetailView.swift in Sources */,
				E645DD3D2A8B03D300E9D634 /* MockedInformation.swift in Sources */,
				E6B363732A7745A500143B4B /* Info.swift in Sources */,
				E6A62B822A85466800B7D694 /* Episode.swift in Sources */,
				E645DD392A8ABC6E00E9D634 /* DatabaseService.swift in Sources */,
				E6B673F02A8435CE00EBBBC8 /* Font+Extension.swift in Sources */,
				E6B3636D2A7624C700143B4B /* Endpoints.swift in Sources */,
				E645DD3B2A8B010A00E9D634 /* MockDatabaseService.swift in Sources */,
				E6B3636B2A76199400143B4B /* URLSessionHttpClient.swift in Sources */,
				E6B363352A76124200143B4B /* RickAndMortyApp.swift in Sources */,
				E6D5B6682A7A207800FCE31B /* Image+Extension.swift in Sources */,
				E6BF9E532A8A4EC2009A0E00 /* CoreDataClient.swift in Sources */,
				E6B363712A77454000143B4B /* ApiResponse.swift in Sources */,
				E6B363642A76165600143B4B /* HomeViewModel.swift in Sources */,
				E6B363762A7756BB00143B4B /* MockCharacterService.swift in Sources */,
				E645DD372A8AB00D00E9D634 /* ExtraInfo.swift in Sources */,
				E6B3636F2A7629A800143B4B /* Logger.swift in Sources */,
				E6397D8F2A88A4FB00303F2B /* HomeListView.swift in Sources */,
				E6BF9E552A8A5B23009A0E00 /* RealmClient.swift in Sources */,
				E6397D8D2A889BF600303F2B /* HomeLoadingScreenView.swift in Sources */,
				E645DD512A8B535F00E9D634 /* CoreData+Extension.swift in Sources */,
				E6397D962A88B74D00303F2B /* DetailInformationView.swift in Sources */,
				E6D5B6652A7A13E500FCE31B /* CharacterWithImage.swift in Sources */,
			);
			runOnlyForDeploymentPostprocessing = 0;
		};
		E6B3633D2A76124300143B4B /* Sources */ = {
			isa = PBXSourcesBuildPhase;
			buildActionMask = 2147483647;
			files = (
				E6813E052A7D50A400827346 /* MockedCharacterService.swift in Sources */,
				E6813E022A7D4FEA00827346 /* HomeViewModelTests.swift in Sources */,
				E6397D9A2A88BB8000303F2B /* DetailViewModelTests.swift in Sources */,
			);
			runOnlyForDeploymentPostprocessing = 0;
		};
/* End PBXSourcesBuildPhase section */

/* Begin PBXTargetDependency section */
		E6B363432A76124300143B4B /* PBXTargetDependency */ = {
			isa = PBXTargetDependency;
			target = E6B363302A76124200143B4B /* RickAndMorty */;
			targetProxy = E6B363422A76124300143B4B /* PBXContainerItemProxy */;
		};
/* End PBXTargetDependency section */

/* Begin PBXVariantGroup section */
		E6ED30282A80B52500F31291 /* Localizable.strings */ = {
			isa = PBXVariantGroup;
			children = (
				E6ED30272A80B52500F31291 /* en */,
				E6ED30292A80B6D900F31291 /* es-419 */,
			);
			name = Localizable.strings;
			sourceTree = "<group>";
		};
/* End PBXVariantGroup section */

/* Begin XCBuildConfiguration section */
		E6B363532A76124300143B4B /* Debug */ = {
			isa = XCBuildConfiguration;
			buildSettings = {
				ALWAYS_SEARCH_USER_PATHS = NO;
				CLANG_ANALYZER_LOCALIZABILITY_NONLOCALIZED = YES;
				CLANG_ANALYZER_NONNULL = YES;
				CLANG_ANALYZER_NUMBER_OBJECT_CONVERSION = YES_AGGRESSIVE;
				CLANG_CXX_LANGUAGE_STANDARD = "gnu++20";
				CLANG_ENABLE_MODULES = YES;
				CLANG_ENABLE_OBJC_ARC = YES;
				CLANG_ENABLE_OBJC_WEAK = YES;
				CLANG_WARN_BLOCK_CAPTURE_AUTORELEASING = YES;
				CLANG_WARN_BOOL_CONVERSION = YES;
				CLANG_WARN_COMMA = YES;
				CLANG_WARN_CONSTANT_CONVERSION = YES;
				CLANG_WARN_DEPRECATED_OBJC_IMPLEMENTATIONS = YES;
				CLANG_WARN_DIRECT_OBJC_ISA_USAGE = YES_ERROR;
				CLANG_WARN_DOCUMENTATION_COMMENTS = YES;
				CLANG_WARN_EMPTY_BODY = YES;
				CLANG_WARN_ENUM_CONVERSION = YES;
				CLANG_WARN_INFINITE_RECURSION = YES;
				CLANG_WARN_INT_CONVERSION = YES;
				CLANG_WARN_NON_LITERAL_NULL_CONVERSION = YES;
				CLANG_WARN_OBJC_IMPLICIT_RETAIN_SELF = YES;
				CLANG_WARN_OBJC_LITERAL_CONVERSION = YES;
				CLANG_WARN_OBJC_ROOT_CLASS = YES_ERROR;
				CLANG_WARN_QUOTED_INCLUDE_IN_FRAMEWORK_HEADER = YES;
				CLANG_WARN_RANGE_LOOP_ANALYSIS = YES;
				CLANG_WARN_STRICT_PROTOTYPES = YES;
				CLANG_WARN_SUSPICIOUS_MOVE = YES;
				CLANG_WARN_UNGUARDED_AVAILABILITY = YES_AGGRESSIVE;
				CLANG_WARN_UNREACHABLE_CODE = YES;
				CLANG_WARN__DUPLICATE_METHOD_MATCH = YES;
				COPY_PHASE_STRIP = NO;
				DEBUG_INFORMATION_FORMAT = dwarf;
				ENABLE_STRICT_OBJC_MSGSEND = YES;
				ENABLE_TESTABILITY = YES;
				GCC_C_LANGUAGE_STANDARD = gnu11;
				GCC_DYNAMIC_NO_PIC = NO;
				GCC_NO_COMMON_BLOCKS = YES;
				GCC_OPTIMIZATION_LEVEL = 0;
				GCC_PREPROCESSOR_DEFINITIONS = (
					"DEBUG=1",
					"$(inherited)",
				);
				GCC_WARN_64_TO_32_BIT_CONVERSION = YES;
				GCC_WARN_ABOUT_RETURN_TYPE = YES_ERROR;
				GCC_WARN_UNDECLARED_SELECTOR = YES;
				GCC_WARN_UNINITIALIZED_AUTOS = YES_AGGRESSIVE;
				GCC_WARN_UNUSED_FUNCTION = YES;
				GCC_WARN_UNUSED_VARIABLE = YES;
				IPHONEOS_DEPLOYMENT_TARGET = 16.4;
				MTL_ENABLE_DEBUG_INFO = INCLUDE_SOURCE;
				MTL_FAST_MATH = YES;
				ONLY_ACTIVE_ARCH = YES;
				SDKROOT = iphoneos;
				SWIFT_ACTIVE_COMPILATION_CONDITIONS = DEBUG;
				SWIFT_OPTIMIZATION_LEVEL = "-Onone";
			};
			name = Debug;
		};
		E6B363542A76124300143B4B /* Release */ = {
			isa = XCBuildConfiguration;
			buildSettings = {
				ALWAYS_SEARCH_USER_PATHS = NO;
				CLANG_ANALYZER_LOCALIZABILITY_NONLOCALIZED = YES;
				CLANG_ANALYZER_NONNULL = YES;
				CLANG_ANALYZER_NUMBER_OBJECT_CONVERSION = YES_AGGRESSIVE;
				CLANG_CXX_LANGUAGE_STANDARD = "gnu++20";
				CLANG_ENABLE_MODULES = YES;
				CLANG_ENABLE_OBJC_ARC = YES;
				CLANG_ENABLE_OBJC_WEAK = YES;
				CLANG_WARN_BLOCK_CAPTURE_AUTORELEASING = YES;
				CLANG_WARN_BOOL_CONVERSION = YES;
				CLANG_WARN_COMMA = YES;
				CLANG_WARN_CONSTANT_CONVERSION = YES;
				CLANG_WARN_DEPRECATED_OBJC_IMPLEMENTATIONS = YES;
				CLANG_WARN_DIRECT_OBJC_ISA_USAGE = YES_ERROR;
				CLANG_WARN_DOCUMENTATION_COMMENTS = YES;
				CLANG_WARN_EMPTY_BODY = YES;
				CLANG_WARN_ENUM_CONVERSION = YES;
				CLANG_WARN_INFINITE_RECURSION = YES;
				CLANG_WARN_INT_CONVERSION = YES;
				CLANG_WARN_NON_LITERAL_NULL_CONVERSION = YES;
				CLANG_WARN_OBJC_IMPLICIT_RETAIN_SELF = YES;
				CLANG_WARN_OBJC_LITERAL_CONVERSION = YES;
				CLANG_WARN_OBJC_ROOT_CLASS = YES_ERROR;
				CLANG_WARN_QUOTED_INCLUDE_IN_FRAMEWORK_HEADER = YES;
				CLANG_WARN_RANGE_LOOP_ANALYSIS = YES;
				CLANG_WARN_STRICT_PROTOTYPES = YES;
				CLANG_WARN_SUSPICIOUS_MOVE = YES;
				CLANG_WARN_UNGUARDED_AVAILABILITY = YES_AGGRESSIVE;
				CLANG_WARN_UNREACHABLE_CODE = YES;
				CLANG_WARN__DUPLICATE_METHOD_MATCH = YES;
				COPY_PHASE_STRIP = NO;
				DEBUG_INFORMATION_FORMAT = "dwarf-with-dsym";
				ENABLE_NS_ASSERTIONS = NO;
				ENABLE_STRICT_OBJC_MSGSEND = YES;
				GCC_C_LANGUAGE_STANDARD = gnu11;
				GCC_NO_COMMON_BLOCKS = YES;
				GCC_WARN_64_TO_32_BIT_CONVERSION = YES;
				GCC_WARN_ABOUT_RETURN_TYPE = YES_ERROR;
				GCC_WARN_UNDECLARED_SELECTOR = YES;
				GCC_WARN_UNINITIALIZED_AUTOS = YES_AGGRESSIVE;
				GCC_WARN_UNUSED_FUNCTION = YES;
				GCC_WARN_UNUSED_VARIABLE = YES;
				IPHONEOS_DEPLOYMENT_TARGET = 16.4;
				MTL_ENABLE_DEBUG_INFO = NO;
				MTL_FAST_MATH = YES;
				SDKROOT = iphoneos;
				SWIFT_COMPILATION_MODE = wholemodule;
				SWIFT_OPTIMIZATION_LEVEL = "-O";
				VALIDATE_PRODUCT = YES;
			};
			name = Release;
		};
		E6B363562A76124300143B4B /* Debug */ = {
			isa = XCBuildConfiguration;
			buildSettings = {
				ASSETCATALOG_COMPILER_APPICON_NAME = AppIcon;
				ASSETCATALOG_COMPILER_GLOBAL_ACCENT_COLOR_NAME = AccentColor;
				CODE_SIGN_STYLE = Automatic;
				CURRENT_PROJECT_VERSION = 1;
				DEVELOPMENT_ASSET_PATHS = "\"RickAndMorty/Preview Content\"";
				DEVELOPMENT_TEAM = X9BWPKKVU9;
				ENABLE_PREVIEWS = YES;
				GENERATE_INFOPLIST_FILE = YES;
				INFOPLIST_FILE = RickAndMorty/Info.plist;
				INFOPLIST_KEY_UIApplicationSceneManifest_Generation = YES;
				INFOPLIST_KEY_UIApplicationSupportsIndirectInputEvents = YES;
				INFOPLIST_KEY_UILaunchScreen_Generation = YES;
				INFOPLIST_KEY_UISupportedInterfaceOrientations_iPad = "UIInterfaceOrientationPortrait UIInterfaceOrientationPortraitUpsideDown UIInterfaceOrientationLandscapeLeft UIInterfaceOrientationLandscapeRight";
				INFOPLIST_KEY_UISupportedInterfaceOrientations_iPhone = "UIInterfaceOrientationPortrait UIInterfaceOrientationLandscapeLeft UIInterfaceOrientationLandscapeRight";
				IPHONEOS_DEPLOYMENT_TARGET = 16.0;
				LD_RUNPATH_SEARCH_PATHS = (
					"$(inherited)",
					"@executable_path/Frameworks",
				);
				MARKETING_VERSION = 1.0;
				PRODUCT_BUNDLE_IDENTIFIER = com.jdavalos.RickAndMorty;
				PRODUCT_NAME = "$(TARGET_NAME)";
				SWIFT_EMIT_LOC_STRINGS = YES;
				SWIFT_VERSION = 5.0;
				TARGETED_DEVICE_FAMILY = "1,2";
			};
			name = Debug;
		};
		E6B363572A76124300143B4B /* Release */ = {
			isa = XCBuildConfiguration;
			buildSettings = {
				ASSETCATALOG_COMPILER_APPICON_NAME = AppIcon;
				ASSETCATALOG_COMPILER_GLOBAL_ACCENT_COLOR_NAME = AccentColor;
				CODE_SIGN_STYLE = Automatic;
				CURRENT_PROJECT_VERSION = 1;
				DEVELOPMENT_ASSET_PATHS = "\"RickAndMorty/Preview Content\"";
				DEVELOPMENT_TEAM = X9BWPKKVU9;
				ENABLE_PREVIEWS = YES;
				GENERATE_INFOPLIST_FILE = YES;
				INFOPLIST_FILE = RickAndMorty/Info.plist;
				INFOPLIST_KEY_UIApplicationSceneManifest_Generation = YES;
				INFOPLIST_KEY_UIApplicationSupportsIndirectInputEvents = YES;
				INFOPLIST_KEY_UILaunchScreen_Generation = YES;
				INFOPLIST_KEY_UISupportedInterfaceOrientations_iPad = "UIInterfaceOrientationPortrait UIInterfaceOrientationPortraitUpsideDown UIInterfaceOrientationLandscapeLeft UIInterfaceOrientationLandscapeRight";
				INFOPLIST_KEY_UISupportedInterfaceOrientations_iPhone = "UIInterfaceOrientationPortrait UIInterfaceOrientationLandscapeLeft UIInterfaceOrientationLandscapeRight";
				IPHONEOS_DEPLOYMENT_TARGET = 16.0;
				LD_RUNPATH_SEARCH_PATHS = (
					"$(inherited)",
					"@executable_path/Frameworks",
				);
				MARKETING_VERSION = 1.0;
				PRODUCT_BUNDLE_IDENTIFIER = com.jdavalos.RickAndMorty;
				PRODUCT_NAME = "$(TARGET_NAME)";
				SWIFT_EMIT_LOC_STRINGS = YES;
				SWIFT_VERSION = 5.0;
				TARGETED_DEVICE_FAMILY = "1,2";
			};
			name = Release;
		};
		E6B363592A76124300143B4B /* Debug */ = {
			isa = XCBuildConfiguration;
			buildSettings = {
				ALWAYS_EMBED_SWIFT_STANDARD_LIBRARIES = YES;
				BUNDLE_LOADER = "$(TEST_HOST)";
				CODE_SIGN_STYLE = Automatic;
				CURRENT_PROJECT_VERSION = 1;
				GENERATE_INFOPLIST_FILE = YES;
				IPHONEOS_DEPLOYMENT_TARGET = 16.4;
				MARKETING_VERSION = 1.0;
				PRODUCT_BUNDLE_IDENTIFIER = com.jdavalos.RickAndMortyTests;
				PRODUCT_NAME = "$(TARGET_NAME)";
				SWIFT_EMIT_LOC_STRINGS = NO;
				SWIFT_VERSION = 5.0;
				TARGETED_DEVICE_FAMILY = "1,2";
				TEST_HOST = "$(BUILT_PRODUCTS_DIR)/RickAndMorty.app/$(BUNDLE_EXECUTABLE_FOLDER_PATH)/RickAndMorty";
			};
			name = Debug;
		};
		E6B3635A2A76124300143B4B /* Release */ = {
			isa = XCBuildConfiguration;
			buildSettings = {
				ALWAYS_EMBED_SWIFT_STANDARD_LIBRARIES = YES;
				BUNDLE_LOADER = "$(TEST_HOST)";
				CODE_SIGN_STYLE = Automatic;
				CURRENT_PROJECT_VERSION = 1;
				GENERATE_INFOPLIST_FILE = YES;
				IPHONEOS_DEPLOYMENT_TARGET = 16.4;
				MARKETING_VERSION = 1.0;
				PRODUCT_BUNDLE_IDENTIFIER = com.jdavalos.RickAndMortyTests;
				PRODUCT_NAME = "$(TARGET_NAME)";
				SWIFT_EMIT_LOC_STRINGS = NO;
				SWIFT_VERSION = 5.0;
				TARGETED_DEVICE_FAMILY = "1,2";
				TEST_HOST = "$(BUILT_PRODUCTS_DIR)/RickAndMorty.app/$(BUNDLE_EXECUTABLE_FOLDER_PATH)/RickAndMorty";
			};
			name = Release;
		};
/* End XCBuildConfiguration section */

/* Begin XCConfigurationList section */
		E6B3632C2A76124200143B4B /* Build configuration list for PBXProject "RickAndMorty" */ = {
			isa = XCConfigurationList;
			buildConfigurations = (
				E6B363532A76124300143B4B /* Debug */,
				E6B363542A76124300143B4B /* Release */,
			);
			defaultConfigurationIsVisible = 0;
			defaultConfigurationName = Release;
		};
		E6B363552A76124300143B4B /* Build configuration list for PBXNativeTarget "RickAndMorty" */ = {
			isa = XCConfigurationList;
			buildConfigurations = (
				E6B363562A76124300143B4B /* Debug */,
				E6B363572A76124300143B4B /* Release */,
			);
			defaultConfigurationIsVisible = 0;
			defaultConfigurationName = Release;
		};
		E6B363582A76124300143B4B /* Build configuration list for PBXNativeTarget "RickAndMortyTests" */ = {
			isa = XCConfigurationList;
			buildConfigurations = (
				E6B363592A76124300143B4B /* Debug */,
				E6B3635A2A76124300143B4B /* Release */,
			);
			defaultConfigurationIsVisible = 0;
			defaultConfigurationName = Release;
		};
/* End XCConfigurationList section */

/* Begin XCVersionGroup section */
		E6BF9E562A8A6550009A0E00 /* RickAndMortyContainer.xcdatamodeld */ = {
			isa = XCVersionGroup;
			children = (
				E6BF9E572A8A6550009A0E00 /* RickAndMortyContainer.xcdatamodel */,
			);
			currentVersion = E6BF9E572A8A6550009A0E00 /* RickAndMortyContainer.xcdatamodel */;
			path = RickAndMortyContainer.xcdatamodeld;
			sourceTree = "<group>";
			versionGroupType = wrapper.xcdatamodel;
		};
/* End XCVersionGroup section */
	};
	rootObject = E6B363292A76124200143B4B /* Project object */;
}
